<Solution>
  <Folder Name="/src/">
    <Project Path="src/Fluence.Core/Fluence.Core.csproj" />
    <Project Path="src/Fluence.Desktop/Fluence.Desktop.csproj" />
    <Project Path="src/Fluence.Infrastructure/Fluence.Infrastructure.csproj" />
  </Folder>
  <Folder Name="/modules/">
    <Project Path="modules/Fluence.Modules.Debug/Fluence.Modules.Debug.csproj" />
    <Project Path="modules/Fluence.Modules.DebuggerSetup/Fluence.Modules.DebuggerSetup.csproj" />
    <Project Path="modules/Fluence.Modules.DotnetCli/Fluence.Modules.DotnetCli.csproj" />
    <Project Path="modules/Fluence.Modules.Editor/Fluence.Modules.Editor.csproj" />
    <Project Path="modules/Fluence.Modules.LspSetup/Fluence.Modules.LspSetup.csproj" />
    <Project Path="modules/Fluence.Modules.LanguageServer/Fluence.Modules.LanguageServer.csproj" />
    <Project Path="modules/Fluence.Modules.SourceControl/Fluence.Modules.SourceControl.csproj" />
    <Project Path="modules/Fluence.Modules.FileExplorer/Fluence.Modules.FileExplorer.csproj" />
    <Project Path="modules/Fluence.Modules.NuGetExplorer/Fluence.Modules.NuGetExplorer.csproj" />
    <Project Path="modules/Fluence.Modules.SolutionView/Fluence.Modules.SolutionView.csproj" />
    <Project Path="modules/Fluence.Modules.Terminal/Fluence.Modules.Terminal.csproj" />
  </Folder>
</Solution>
