<Solution>
  <Folder Name="/src/">
    <Project Path="src/Fluence.Core/Fluence.Core.csproj" />
    <Project Path="src/Fluence.Desktop/Fluence.Desktop.csproj" />
    <Project Path="src/Fluence.Infrastructure/Fluence.Infrastructure.csproj" />
  </Folder>
  <Folder Name="/modules/">
    <Project Path="modules/Fluence.Modules.Settings/Fluence.Modules.Settings.csproj" />
    <Project Path="modules/Fluence.Modules.Debug/Fluence.Modules.Debug.csproj" />
    <Project Path="modules/Fluence.Modules.DotnetCli/Fluence.Modules.DotnetCli.csproj" />
    <Project Path="modules/Fluence.Modules.LanguageServer/Fluence.Modules.LanguageServer.csproj" />
    <Project Path="modules/Fluence.Modules.SourceControl/Fluence.Modules.SourceControl.csproj" />
    <Project Path="modules/Fluence.Modules.NuGetExplorer/Fluence.Modules.NuGetExplorer.csproj" />
    <Project Path="modules/Fluence.Modules.Terminal/Fluence.Modules.Terminal.csproj" />
    <Project Path="modules/Fluence.Modules.Toolchains/Fluence.Modules.Toolchains.csproj" />
    <Project Path="modules/Fluence.Modules.Workbench/Fluence.Modules.Workbench.csproj" />
  </Folder>
</Solution>
